
Microsoft Visual Studio Solution File, Format Version 12.00
# Visual Studio Version 16
VisualStudioVersion = 16.0.31515.178
MinimumVisualStudioVersion = 10.0.40219.1
Project("{FAE04EC0-301F-11D3-BF4B-00C04F79EFBC}") = "FlappyBirdGame", "FlappyBirdGame.csproj", "{A6601BCF-6621-4953-8C50-F90D7183350C}"
EndProject
Global
	GlobalSection(SolutionConfigurationPlatforms) = preSolution
		Debug|Any CPU = Debug|Any CPU
		Release|Any CPU = Release|Any CPU
	EndGlobalSection
	GlobalSection(ProjectConfigurationPlatforms) = postSolution
		{A6601BCF-6621-4953-8C50-F90D7183350C}.Debug|Any CPU.ActiveCfg = Debug|Any CPU
		{A6601BCF-6621-4953-8C50-F90D7183350C}.Debug|Any CPU.Build.0 = Debug|Any CPU
		{A6601BCF-6621-4953-8C50-F90D7183350C}.Release|Any CPU.ActiveCfg = Release|Any CPU
		{A6601BCF-6621-4953-8C50-F90D7183350C}.Release|Any CPU.Build.0 = Release|Any CPU
	EndGlobalSection
	GlobalSection(SolutionProperties) = preSolution
		HideSolutionNode = FALSE
	EndGlobalSection
	GlobalSection(ExtensibilityGlobals) = postSolution
		SolutionGuid = {FAFBE9D2-A020-4A99-BAC6-35288A0C36A5}
	EndGlobalSection
EndGlobal
